
Microsoft Visual Studio Solution File, Format Version 12.00
Project("{2150E333-8FDC-42A3-9474-1A3956D46DE8}") = "src", "src", "{BB20363B-B6A7-475C-AF52-76656C383105}"
EndProject
Project("{FAE04EC0-301F-11D3-BF4B-00C04F79EFBC}") = "NipNip.Api", "src\NipNip.Api\NipNip.Api.csproj", "{52FE8C87-0CDD-45FA-A082-29EA88E508F8}"
EndProject
Project("{FAE04EC0-301F-11D3-BF4B-00C04F79EFBC}") = "NipNip.Shared", "src\NipNip.Shared\NipNip.Shared.csproj", "{37A5AFE5-ECAE-45EA-9513-4C5F048C50FF}"
EndProject
Project("{FAE04EC0-301F-11D3-BF4B-00C04F79EFBC}") = "NipNip.Data", "src\NipNip.Data\NipNip.Data.csproj", "{4A025A63-5036-4854-9A04-E1F0DDE68286}"
EndProject
Project("{FAE04EC0-301F-11D3-BF4B-00C04F79EFBC}") = "NipNip.Modules.Merchants", "src\NipNip.Modules.Merchants\NipNip.Modules.Merchants.csproj", "{071FFA7D-B136-47D7-AA57-4951AF5652A7}"
EndProject
Project("{FAE04EC0-301F-11D3-BF4B-00C04F79EFBC}") = "NipNip.Modules.Creators", "src\NipNip.Modules.Creators\NipNip.Modules.Creators.csproj", "{5E811A8B-062A-485F-9E7A-A37B4E31E45E}"
EndProject
Project("{FAE04EC0-301F-11D3-BF4B-00C04F79EFBC}") = "NipNip.Modules.Tracking", "src\NipNip.Modules.Tracking\NipNip.Modules.Tracking.csproj", "{4A20848C-C833-4636-9424-13E3CB5E4FD4}"
EndProject
Project("{FAE04EC0-301F-11D3-BF4B-00C04F79EFBC}") = "NipNip.Modules.Payouts", "src\NipNip.Modules.Payouts\NipNip.Modules.Payouts.csproj", "{B93E8E5C-5C25-41AA-A805-21462B66E603}"
EndProject
Project("{FAE04EC0-301F-11D3-BF4B-00C04F79EFBC}") = "NipNip.Modules.Codes", "src\NipNip.Modules.Codes\NipNip.Modules.Codes.csproj", "{94D6E5F8-6F62-4172-AEB2-7C86E0E4A6AF}"
EndProject
Project("{FAE04EC0-301F-11D3-BF4B-00C04F79EFBC}") = "NipNip.Modules.Storefronts", "src\NipNip.Modules.Storefronts\NipNip.Modules.Storefronts.csproj", "{87D51D73-C784-44A3-B5FF-4BD0300E07F3}"
EndProject
Global
	GlobalSection(SolutionConfigurationPlatforms) = preSolution
		Debug|Any CPU = Debug|Any CPU
		Debug|x64 = Debug|x64
		Debug|x86 = Debug|x86
		Release|Any CPU = Release|Any CPU
		Release|x64 = Release|x64
		Release|x86 = Release|x86
	EndGlobalSection
	GlobalSection(ProjectConfigurationPlatforms) = postSolution
		{52FE8C87-0CDD-45FA-A082-29EA88E508F8}.Debug|Any CPU.ActiveCfg = Debug|Any CPU
		{52FE8C87-0CDD-45FA-A082-29EA88E508F8}.Debug|Any CPU.Build.0 = Debug|Any CPU
		{52FE8C87-0CDD-45FA-A082-29EA88E508F8}.Debug|x64.ActiveCfg = Debug|Any CPU
		{52FE8C87-0CDD-45FA-A082-29EA88E508F8}.Debug|x64.Build.0 = Debug|Any CPU
		{52FE8C87-0CDD-45FA-A082-29EA88E508F8}.Debug|x86.ActiveCfg = Debug|Any CPU
		{52FE8C87-0CDD-45FA-A082-29EA88E508F8}.Debug|x86.Build.0 = Debug|Any CPU
		{52FE8C87-0CDD-45FA-A082-29EA88E508F8}.Release|Any CPU.ActiveCfg = Release|Any CPU
		{52FE8C87-0CDD-45FA-A082-29EA88E508F8}.Release|Any CPU.Build.0 = Release|Any CPU
		{52FE8C87-0CDD-45FA-A082-29EA88E508F8}.Release|x64.ActiveCfg = Release|Any CPU
		{52FE8C87-0CDD-45FA-A082-29EA88E508F8}.Release|x64.Build.0 = Release|Any CPU
		{52FE8C87-0CDD-45FA-A082-29EA88E508F8}.Release|x86.ActiveCfg = Release|Any CPU
		{52FE8C87-0CDD-45FA-A082-29EA88E508F8}.Release|x86.Build.0 = Release|Any CPU
		{37A5AFE5-ECAE-45EA-9513-4C5F048C50FF}.Debug|Any CPU.ActiveCfg = Debug|Any CPU
		{37A5AFE5-ECAE-45EA-9513-4C5F048C50FF}.Debug|Any CPU.Build.0 = Debug|Any CPU
		{37A5AFE5-ECAE-45EA-9513-4C5F048C50FF}.Debug|x64.ActiveCfg = Debug|Any CPU
		{37A5AFE5-ECAE-45EA-9513-4C5F048C50FF}.Debug|x64.Build.0 = Debug|Any CPU
		{37A5AFE5-ECAE-45EA-9513-4C5F048C50FF}.Debug|x86.ActiveCfg = Debug|Any CPU
		{37A5AFE5-ECAE-45EA-9513-4C5F048C50FF}.Debug|x86.Build.0 = Debug|Any CPU
		{37A5AFE5-ECAE-45EA-9513-4C5F048C50FF}.Release|Any CPU.ActiveCfg = Release|Any CPU
		{37A5AFE5-ECAE-45EA-9513-4C5F048C50FF}.Release|Any CPU.Build.0 = Release|Any CPU
		{37A5AFE5-ECAE-45EA-9513-4C5F048C50FF}.Release|x64.ActiveCfg = Release|Any CPU
		{37A5AFE5-ECAE-45EA-9513-4C5F048C50FF}.Release|x64.Build.0 = Release|Any CPU
		{37A5AFE5-ECAE-45EA-9513-4C5F048C50FF}.Release|x86.ActiveCfg = Release|Any CPU
		{37A5AFE5-ECAE-45EA-9513-4C5F048C50FF}.Release|x86.Build.0 = Release|Any CPU
		{4A025A63-5036-4854-9A04-E1F0DDE68286}.Debug|Any CPU.ActiveCfg = Debug|Any CPU
		{4A025A63-5036-4854-9A04-E1F0DDE68286}.Debug|Any CPU.Build.0 = Debug|Any CPU
		{4A025A63-5036-4854-9A04-E1F0DDE68286}.Debug|x64.ActiveCfg = Debug|Any CPU
		{4A025A63-5036-4854-9A04-E1F0DDE68286}.Debug|x64.Build.0 = Debug|Any CPU
		{4A025A63-5036-4854-9A04-E1F0DDE68286}.Debug|x86.ActiveCfg = Debug|Any CPU
		{4A025A63-5036-4854-9A04-E1F0DDE68286}.Debug|x86.Build.0 = Debug|Any CPU
		{4A025A63-5036-4854-9A04-E1F0DDE68286}.Release|Any CPU.ActiveCfg = Release|Any CPU
		{4A025A63-5036-4854-9A04-E1F0DDE68286}.Release|Any CPU.Build.0 = Release|Any CPU
		{4A025A63-5036-4854-9A04-E1F0DDE68286}.Release|x64.ActiveCfg = Release|Any CPU
		{4A025A63-5036-4854-9A04-E1F0DDE68286}.Release|x64.Build.0 = Release|Any CPU
		{4A025A63-5036-4854-9A04-E1F0DDE68286}.Release|x86.ActiveCfg = Release|Any CPU
		{4A025A63-5036-4854-9A04-E1F0DDE68286}.Release|x86.Build.0 = Release|Any CPU
		{071FFA7D-B136-47D7-AA57-4951AF5652A7}.Debug|Any CPU.ActiveCfg = Debug|Any CPU
		{071FFA7D-B136-47D7-AA57-4951AF5652A7}.Debug|Any CPU.Build.0 = Debug|Any CPU
		{071FFA7D-B136-47D7-AA57-4951AF5652A7}.Debug|x64.ActiveCfg = Debug|Any CPU
		{071FFA7D-B136-47D7-AA57-4951AF5652A7}.Debug|x64.Build.0 = Debug|Any CPU
		{071FFA7D-B136-47D7-AA57-4951AF5652A7}.Debug|x86.ActiveCfg = Debug|Any CPU
		{071FFA7D-B136-47D7-AA57-4951AF5652A7}.Debug|x86.Build.0 = Debug|Any CPU
		{071FFA7D-B136-47D7-AA57-4951AF5652A7}.Release|Any CPU.ActiveCfg = Release|Any CPU
		{071FFA7D-B136-47D7-AA57-4951AF5652A7}.Release|Any CPU.Build.0 = Release|Any CPU
		{071FFA7D-B136-47D7-AA57-4951AF5652A7}.Release|x64.ActiveCfg = Release|Any CPU
		{071FFA7D-B136-47D7-AA57-4951AF5652A7}.Release|x64.Build.0 = Release|Any CPU
		{071FFA7D-B136-47D7-AA57-4951AF5652A7}.Release|x86.ActiveCfg = Release|Any CPU
		{071FFA7D-B136-47D7-AA57-4951AF5652A7}.Release|x86.Build.0 = Release|Any CPU
		{5E811A8B-062A-485F-9E7A-A37B4E31E45E}.Debug|Any CPU.ActiveCfg = Debug|Any CPU
		{5E811A8B-062A-485F-9E7A-A37B4E31E45E}.Debug|Any CPU.Build.0 = Debug|Any CPU
		{5E811A8B-062A-485F-9E7A-A37B4E31E45E}.Debug|x64.ActiveCfg = Debug|Any CPU
		{5E811A8B-062A-485F-9E7A-A37B4E31E45E}.Debug|x64.Build.0 = Debug|Any CPU
		{5E811A8B-062A-485F-9E7A-A37B4E31E45E}.Debug|x86.ActiveCfg = Debug|Any CPU
		{5E811A8B-062A-485F-9E7A-A37B4E31E45E}.Debug|x86.Build.0 = Debug|Any CPU
		{5E811A8B-062A-485F-9E7A-A37B4E31E45E}.Release|Any CPU.ActiveCfg = Release|Any CPU
		{5E811A8B-062A-485F-9E7A-A37B4E31E45E}.Release|Any CPU.Build.0 = Release|Any CPU
		{5E811A8B-062A-485F-9E7A-A37B4E31E45E}.Release|x64.ActiveCfg = Release|Any CPU
		{5E811A8B-062A-485F-9E7A-A37B4E31E45E}.Release|x64.Build.0 = Release|Any CPU
		{5E811A8B-062A-485F-9E7A-A37B4E31E45E}.Release|x86.ActiveCfg = Release|Any CPU
		{5E811A8B-062A-485F-9E7A-A37B4E31E45E}.Release|x86.Build.0 = Release|Any CPU
		{4A20848C-C833-4636-9424-13E3CB5E4FD4}.Debug|Any CPU.ActiveCfg = Debug|Any CPU
		{4A20848C-C833-4636-9424-13E3CB5E4FD4}.Debug|Any CPU.Build.0 = Debug|Any CPU
		{4A20848C-C833-4636-9424-13E3CB5E4FD4}.Debug|x64.ActiveCfg = Debug|Any CPU
		{4A20848C-C833-4636-9424-13E3CB5E4FD4}.Debug|x64.Build.0 = Debug|Any CPU
		{4A20848C-C833-4636-9424-13E3CB5E4FD4}.Debug|x86.ActiveCfg = Debug|Any CPU
		{4A20848C-C833-4636-9424-13E3CB5E4FD4}.Debug|x86.Build.0 = Debug|Any CPU
		{4A20848C-C833-4636-9424-13E3CB5E4FD4}.Release|Any CPU.ActiveCfg = Release|Any CPU
		{4A20848C-C833-4636-9424-13E3CB5E4FD4}.Release|Any CPU.Build.0 = Release|Any CPU
		{4A20848C-C833-4636-9424-13E3CB5E4FD4}.Release|x64.ActiveCfg = Release|Any CPU
		{4A20848C-C833-4636-9424-13E3CB5E4FD4}.Release|x64.Build.0 = Release|Any CPU
		{4A20848C-C833-4636-9424-13E3CB5E4FD4}.Release|x86.ActiveCfg = Release|Any CPU
		{4A20848C-C833-4636-9424-13E3CB5E4FD4}.Release|x86.Build.0 = Release|Any CPU
		{B93E8E5C-5C25-41AA-A805-21462B66E603}.Debug|Any CPU.ActiveCfg = Debug|Any CPU
		{B93E8E5C-5C25-41AA-A805-21462B66E603}.Debug|Any CPU.Build.0 = Debug|Any CPU
		{B93E8E5C-5C25-41AA-A805-21462B66E603}.Debug|x64.ActiveCfg = Debug|Any CPU
		{B93E8E5C-5C25-41AA-A805-21462B66E603}.Debug|x64.Build.0 = Debug|Any CPU
		{B93E8E5C-5C25-41AA-A805-21462B66E603}.Debug|x86.ActiveCfg = Debug|Any CPU
		{B93E8E5C-5C25-41AA-A805-21462B66E603}.Debug|x86.Build.0 = Debug|Any CPU
		{B93E8E5C-5C25-41AA-A805-21462B66E603}.Release|Any CPU.ActiveCfg = Release|Any CPU
		{B93E8E5C-5C25-41AA-A805-21462B66E603}.Release|Any CPU.Build.0 = Release|Any CPU
		{B93E8E5C-5C25-41AA-A805-21462B66E603}.Release|x64.ActiveCfg = Release|Any CPU
		{B93E8E5C-5C25-41AA-A805-21462B66E603}.Release|x64.Build.0 = Release|Any CPU
		{B93E8E5C-5C25-41AA-A805-21462B66E603}.Release|x86.ActiveCfg = Release|Any CPU
		{B93E8E5C-5C25-41AA-A805-21462B66E603}.Release|x86.Build.0 = Release|Any CPU
		{94D6E5F8-6F62-4172-AEB2-7C86E0E4A6AF}.Debug|Any CPU.ActiveCfg = Debug|Any CPU
		{94D6E5F8-6F62-4172-AEB2-7C86E0E4A6AF}.Debug|Any CPU.Build.0 = Debug|Any CPU
		{94D6E5F8-6F62-4172-AEB2-7C86E0E4A6AF}.Debug|x64.ActiveCfg = Debug|Any CPU
		{94D6E5F8-6F62-4172-AEB2-7C86E0E4A6AF}.Debug|x64.Build.0 = Debug|Any CPU
		{94D6E5F8-6F62-4172-AEB2-7C86E0E4A6AF}.Debug|x86.ActiveCfg = Debug|Any CPU
		{94D6E5F8-6F62-4172-AEB2-7C86E0E4A6AF}.Debug|x86.Build.0 = Debug|Any CPU
		{94D6E5F8-6F62-4172-AEB2-7C86E0E4A6AF}.Release|Any CPU.ActiveCfg = Release|Any CPU
		{94D6E5F8-6F62-4172-AEB2-7C86E0E4A6AF}.Release|Any CPU.Build.0 = Release|Any CPU
		{94D6E5F8-6F62-4172-AEB2-7C86E0E4A6AF}.Release|x64.ActiveCfg = Release|Any CPU
		{94D6E5F8-6F62-4172-AEB2-7C86E0E4A6AF}.Release|x64.Build.0 = Release|Any CPU
		{94D6E5F8-6F62-4172-AEB2-7C86E0E4A6AF}.Release|x86.ActiveCfg = Release|Any CPU
		{94D6E5F8-6F62-4172-AEB2-7C86E0E4A6AF}.Release|x86.Build.0 = Release|Any CPU
		{87D51D73-C784-44A3-B5FF-4BD0300E07F3}.Debug|Any CPU.ActiveCfg = Debug|Any CPU
		{87D51D73-C784-44A3-B5FF-4BD0300E07F3}.Debug|Any CPU.Build.0 = Debug|Any CPU
		{87D51D73-C784-44A3-B5FF-4BD0300E07F3}.Debug|x64.ActiveCfg = Debug|Any CPU
		{87D51D73-C784-44A3-B5FF-4BD0300E07F3}.Debug|x64.Build.0 = Debug|Any CPU
		{87D51D73-C784-44A3-B5FF-4BD0300E07F3}.Debug|x86.ActiveCfg = Debug|Any CPU
		{87D51D73-C784-44A3-B5FF-4BD0300E07F3}.Debug|x86.Build.0 = Debug|Any CPU
		{87D51D73-C784-44A3-B5FF-4BD0300E07F3}.Release|Any CPU.ActiveCfg = Release|Any CPU
		{87D51D73-C784-44A3-B5FF-4BD0300E07F3}.Release|Any CPU.Build.0 = Release|Any CPU
		{87D51D73-C784-44A3-B5FF-4BD0300E07F3}.Release|x64.ActiveCfg = Release|Any CPU
		{87D51D73-C784-44A3-B5FF-4BD0300E07F3}.Release|x64.Build.0 = Release|Any CPU
		{87D51D73-C784-44A3-B5FF-4BD0300E07F3}.Release|x86.ActiveCfg = Release|Any CPU
		{87D51D73-C784-44A3-B5FF-4BD0300E07F3}.Release|x86.Build.0 = Release|Any CPU
	EndGlobalSection
	GlobalSection(SolutionProperties) = preSolution
		HideSolutionNode = FALSE
	EndGlobalSection
	GlobalSection(NestedProjects) = preSolution
		{52FE8C87-0CDD-45FA-A082-29EA88E508F8} = {BB20363B-B6A7-475C-AF52-76656C383105}
		{37A5AFE5-ECAE-45EA-9513-4C5F048C50FF} = {BB20363B-B6A7-475C-AF52-76656C383105}
		{4A025A63-5036-4854-9A04-E1F0DDE68286} = {BB20363B-B6A7-475C-AF52-76656C383105}
		{071FFA7D-B136-47D7-AA57-4951AF5652A7} = {BB20363B-B6A7-475C-AF52-76656C383105}
		{5E811A8B-062A-485F-9E7A-A37B4E31E45E} = {BB20363B-B6A7-475C-AF52-76656C383105}
		{4A20848C-C833-4636-9424-13E3CB5E4FD4} = {BB20363B-B6A7-475C-AF52-76656C383105}
		{B93E8E5C-5C25-41AA-A805-21462B66E603} = {BB20363B-B6A7-475C-AF52-76656C383105}
		{94D6E5F8-6F62-4172-AEB2-7C86E0E4A6AF} = {BB20363B-B6A7-475C-AF52-76656C383105}
		{87D51D73-C784-44A3-B5FF-4BD0300E07F3} = {BB20363B-B6A7-475C-AF52-76656C383105}
	EndGlobalSection
EndGlobal
